
Microsoft Visual Studio Solution File, Format Version 12.00
# Visual Studio 2013
VisualStudioVersion = 12.0.30723.0
MinimumVisualStudioVersion = 10.0.40219.1
Project("{FAE04EC0-301F-11D3-BF4B-00C04F79EFBC}") = "CannonAttack", "CannonAttack\CannonAttack.csproj", "{027D3D46-8C7B-404C-98A8-152C03D019D9}"
EndProject
Project("{FAE04EC0-301F-11D3-BF4B-00C04F79EFBC}") = "CannonAttackTests", "UnitTestProject1\CannonAttackTests.csproj", "{89E51228-63FF-4C7F-9BBE-6794FF4C9E28}"
EndProject
Global
	GlobalSection(SolutionConfigurationPlatforms) = preSolution
		Debug|Any CPU = Debug|Any CPU
		Release|Any CPU = Release|Any CPU
	EndGlobalSection
	GlobalSection(ProjectConfigurationPlatforms) = postSolution
		{027D3D46-8C7B-404C-98A8-152C03D019D9}.Debug|Any CPU.ActiveCfg = Debug|Any CPU
		{027D3D46-8C7B-404C-98A8-152C03D019D9}.Debug|Any CPU.Build.0 = Debug|Any CPU
		{027D3D46-8C7B-404C-98A8-152C03D019D9}.Release|Any CPU.ActiveCfg = Release|Any CPU
		{027D3D46-8C7B-404C-98A8-152C03D019D9}.Release|Any CPU.Build.0 = Release|Any CPU
		{89E51228-63FF-4C7F-9BBE-6794FF4C9E28}.Debug|Any CPU.ActiveCfg = Debug|Any CPU
		{89E51228-63FF-4C7F-9BBE-6794FF4C9E28}.Debug|Any CPU.Build.0 = Debug|Any CPU
		{89E51228-63FF-4C7F-9BBE-6794FF4C9E28}.Release|Any CPU.ActiveCfg = Release|Any CPU
		{89E51228-63FF-4C7F-9BBE-6794FF4C9E28}.Release|Any CPU.Build.0 = Release|Any CPU
	EndGlobalSection
	GlobalSection(SolutionProperties) = preSolution
		HideSolutionNode = FALSE
	EndGlobalSection
EndGlobal
